
Microsoft Visual Studio Solution File, Format Version 12.00
# Visual Studio Version 17
VisualStudioVersion = 17.0.31912.275
MinimumVisualStudioVersion = 10.0.40219.1
Project("{FAE04EC0-301F-11D3-BF4B-00C04F79EFBC}") = "msrdcui", "msrdcui\msrdcui.csproj", "{D9C4CC56-F429-4EF5-AD4A-CCB25A2A1BD3}"
EndProject
Project("{930C7802-8A8C-48F9-8165-68863BCCD9DD}") = "msi", "msi\msi.wixproj", "{25C9AEEB-8CBD-4232-B535-7CC886804287}"
EndProject
Global
	GlobalSection(SolutionConfigurationPlatforms) = preSolution
		Debug|Any CPU = Debug|Any CPU
		Debug|x86 = Debug|x86
		Release|Any CPU = Release|Any CPU
		Release|x86 = Release|x86
	EndGlobalSection
	GlobalSection(ProjectConfigurationPlatforms) = postSolution
		{D9C4CC56-F429-4EF5-AD4A-CCB25A2A1BD3}.Debug|Any CPU.ActiveCfg = Debug|Any CPU
		{D9C4CC56-F429-4EF5-AD4A-CCB25A2A1BD3}.Debug|Any CPU.Build.0 = Debug|Any CPU
		{D9C4CC56-F429-4EF5-AD4A-CCB25A2A1BD3}.Debug|x86.ActiveCfg = Debug|Any CPU
		{D9C4CC56-F429-4EF5-AD4A-CCB25A2A1BD3}.Debug|x86.Build.0 = Debug|Any CPU
		{D9C4CC56-F429-4EF5-AD4A-CCB25A2A1BD3}.Release|Any CPU.ActiveCfg = Release|Any CPU
		{D9C4CC56-F429-4EF5-AD4A-CCB25A2A1BD3}.Release|Any CPU.Build.0 = Release|Any CPU
		{D9C4CC56-F429-4EF5-AD4A-CCB25A2A1BD3}.Release|x86.ActiveCfg = Release|Any CPU
		{D9C4CC56-F429-4EF5-AD4A-CCB25A2A1BD3}.Release|x86.Build.0 = Release|Any CPU
		{25C9AEEB-8CBD-4232-B535-7CC886804287}.Debug|Any CPU.ActiveCfg = Debug|x86
		{25C9AEEB-8CBD-4232-B535-7CC886804287}.Debug|Any CPU.Build.0 = Debug|x86
		{25C9AEEB-8CBD-4232-B535-7CC886804287}.Debug|x86.ActiveCfg = Debug|x86
		{25C9AEEB-8CBD-4232-B535-7CC886804287}.Debug|x86.Build.0 = Debug|x86
		{25C9AEEB-8CBD-4232-B535-7CC886804287}.Release|Any CPU.ActiveCfg = Release|x86
		{25C9AEEB-8CBD-4232-B535-7CC886804287}.Release|Any CPU.Build.0 = Release|x86
		{25C9AEEB-8CBD-4232-B535-7CC886804287}.Release|x86.ActiveCfg = Release|x86
		{25C9AEEB-8CBD-4232-B535-7CC886804287}.Release|x86.Build.0 = Release|x86
	EndGlobalSection
	GlobalSection(SolutionProperties) = preSolution
		HideSolutionNode = FALSE
	EndGlobalSection
	GlobalSection(ExtensibilityGlobals) = postSolution
		SolutionGuid = {41393F2B-0B46-42E3-BD5C-6B36B4E324B4}
	EndGlobalSection
EndGlobal
