
Microsoft Visual Studio Solution File, Format Version 12.00
# Visual Studio Version 16
VisualStudioVersion = 16.0.31025.194
MinimumVisualStudioVersion = 10.0.40219.1
Project("{FAE04EC0-301F-11D3-BF4B-00C04F79EFBC}") = "msrdcui", "msrdcui\msrdcui.csproj", "{D9C4CC56-F429-4EF5-AD4A-CCB25A2A1BD3}"
EndProject
Global
	GlobalSection(SolutionConfigurationPlatforms) = preSolution
		Debug|Any CPU = Debug|Any CPU
		Release|Any CPU = Release|Any CPU
	EndGlobalSection
	GlobalSection(ProjectConfigurationPlatforms) = postSolution
		{D9C4CC56-F429-4EF5-AD4A-CCB25A2A1BD3}.Debug|Any CPU.ActiveCfg = Debug|Any CPU
		{D9C4CC56-F429-4EF5-AD4A-CCB25A2A1BD3}.Debug|Any CPU.Build.0 = Debug|Any CPU
		{D9C4CC56-F429-4EF5-AD4A-CCB25A2A1BD3}.Release|Any CPU.ActiveCfg = Release|Any CPU
		{D9C4CC56-F429-4EF5-AD4A-CCB25A2A1BD3}.Release|Any CPU.Build.0 = Release|Any CPU
	EndGlobalSection
	GlobalSection(SolutionProperties) = preSolution
		HideSolutionNode = FALSE
	EndGlobalSection
	GlobalSection(ExtensibilityGlobals) = postSolution
		SolutionGuid = {41393F2B-0B46-42E3-BD5C-6B36B4E324B4}
	EndGlobalSection
EndGlobal
